// !$*UTF8*$!
{
	archiveVersion = 1;
	classes = {
	};
	objectVersion = 56;
	objects = {

/* Begin PBXBuildFile section */
		842464012A1E69BF00BBB15D /* AppDelegate.swift in Sources */ = {isa = PBXBuildFile; fileRef = 842464002A1E69BF00BBB15D /* AppDelegate.swift */; };
		842464032A1E69BF00BBB15D /* SceneDelegate.swift in Sources */ = {isa = PBXBuildFile; fileRef = 842464022A1E69BF00BBB15D /* SceneDelegate.swift */; };
		842464052A1E69BF00BBB15D /* ViewController.swift in Sources */ = {isa = PBXBuildFile; fileRef = 842464042A1E69BF00BBB15D /* ViewController.swift */; };
		842464082A1E69BF00BBB15D /* Main.storyboard in Resources */ = {isa = PBXBuildFile; fileRef = 842464062A1E69BF00BBB15D /* Main.storyboard */; };
		8424640A2A1E69C000BBB15D /* Assets.xcassets in Resources */ = {isa = PBXBuildFile; fileRef = 842464092A1E69C000BBB15D /* Assets.xcassets */; };
		8424640D2A1E69C000BBB15D /* LaunchScreen.storyboard in Resources */ = {isa = PBXBuildFile; fileRef = 8424640B2A1E69C000BBB15D /* LaunchScreen.storyboard */; };
		842464182A1E69C000BBB15D /* foto_Game2Tests.swift in Sources */ = {isa = PBXBuildFile; fileRef = 842464172A1E69C000BBB15D /* foto_Game2Tests.swift */; };
		842464222A1E69C000BBB15D /* foto_Game2UITests.swift in Sources */ = {isa = PBXBuildFile; fileRef = 842464212A1E69C000BBB15D /* foto_Game2UITests.swift */; };
		842464242A1E69C000BBB15D /* foto_Game2UITestsLaunchTests.swift in Sources */ = {isa = PBXBuildFile; fileRef = 842464232A1E69C000BBB15D /* foto_Game2UITestsLaunchTests.swift */; };
/* End PBXBuildFile section */

/* Begin PBXContainerItemProxy section */
		842464142A1E69C000BBB15D /* PBXContainerItemProxy */ = {
			isa = PBXContainerItemProxy;
			containerPortal = 842463F52A1E69BF00BBB15D /* Project object */;
			proxyType = 1;
			remoteGlobalIDString = 842463FC2A1E69BF00BBB15D;
			remoteInfo = "foto Game2";
		};
		8424641E2A1E69C000BBB15D /* PBXContainerItemProxy */ = {
			isa = PBXContainerItemProxy;
			containerPortal = 842463F52A1E69BF00BBB15D /* Project object */;
			proxyType = 1;
			remoteGlobalIDString = 842463FC2A1E69BF00BBB15D;
			remoteInfo = "foto Game2";
		};
/* End PBXContainerItemProxy section */

/* Begin PBXFileReference section */
		842463FD2A1E69BF00BBB15D /* foto Game2.app */ = {isa = PBXFileReference; explicitFileType = wrapper.application; includeInIndex = 0; path = "foto Game2.app"; sourceTree = BUILT_PRODUCTS_DIR; };
		842464002A1E69BF00BBB15D /* AppDelegate.swift */ = {isa = PBXFileReference; lastKnownFileType = sourcecode.swift; path = AppDelegate.swift; sourceTree = "<group>"; };
		842464022A1E69BF00BBB15D /* SceneDelegate.swift */ = {isa = PBXFileReference; lastKnownFileType = sourcecode.swift; path = SceneDelegate.swift; sourceTree = "<group>"; };
		842464042A1E69BF00BBB15D /* ViewController.swift */ = {isa = PBXFileReference; lastKnownFileType = sourcecode.swift; path = ViewController.swift; sourceTree = "<group>"; };
		842464072A1E69BF00BBB15D /* Base */ = {isa = PBXFileReference; lastKnownFileType = file.storyboard; name = Base; path = Base.lproj/Main.storyboard; sourceTree = "<group>"; };
		842464092A1E69C000BBB15D /* Assets.xcassets */ = {isa = PBXFileReference; lastKnownFileType = folder.assetcatalog; path = Assets.xcassets; sourceTree = "<group>"; };
		8424640C2A1E69C000BBB15D /* Base */ = {isa = PBXFileReference; lastKnownFileType = file.storyboard; name = Base; path = Base.lproj/LaunchScreen.storyboard; sourceTree = "<group>"; };
		8424640E2A1E69C000BBB15D /* Info.plist */ = {isa = PBXFileReference; lastKnownFileType = text.plist.xml; path = Info.plist; sourceTree = "<group>"; };
		842464132A1E69C000BBB15D /* foto Game2Tests.xctest */ = {isa = PBXFileReference; explicitFileType = wrapper.cfbundle; includeInIndex = 0; path = "foto Game2Tests.xctest"; sourceTree = BUILT_PRODUCTS_DIR; };
		842464172A1E69C000BBB15D /* foto_Game2Tests.swift */ = {isa = PBXFileReference; lastKnownFileType = sourcecode.swift; path = foto_Game2Tests.swift; sourceTree = "<group>"; };
		8424641D2A1E69C000BBB15D /* foto Game2UITests.xctest */ = {isa = PBXFileReference; explicitFileType = wrapper.cfbundle; includeInIndex = 0; path = "foto Game2UITests.xctest"; sourceTree = BUILT_PRODUCTS_DIR; };
		842464212A1E69C000BBB15D /* foto_Game2UITests.swift */ = {isa = PBXFileReference; lastKnownFileType = sourcecode.swift; path = foto_Game2UITests.swift; sourceTree = "<group>"; };
		842464232A1E69C000BBB15D /* foto_Game2UITestsLaunchTests.swift */ = {isa = PBXFileReference; lastKnownFileType = sourcecode.swift; path = foto_Game2UITestsLaunchTests.swift; sourceTree = "<group>"; };
/* End PBXFileReference section */

/* Begin PBXFrameworksBuildPhase section */
		842463FA2A1E69BF00BBB15D /* Frameworks */ = {
			isa = PBXFrameworksBuildPhase;
			buildActionMask = 2147483647;
			files = (
			);
			runOnlyForDeploymentPostprocessing = 0;
		};
		842464102A1E69C000BBB15D /* Frameworks */ = {
			isa = PBXFrameworksBuildPhase;
			buildActionMask = 2147483647;
			files = (
			);
			runOnlyForDeploymentPostprocessing = 0;
		};
		8424641A2A1E69C000BBB15D /* Frameworks */ = {
			isa = PBXFrameworksBuildPhase;
			buildActionMask = 2147483647;
			files = (
			);
			runOnlyForDeploymentPostprocessing = 0;
		};
/* End PBXFrameworksBuildPhase section */

/* Begin PBXGroup section */
		842463F42A1E69BF00BBB15D = {
			isa = PBXGroup;
			children = (
				842463FF2A1E69BF00BBB15D /* foto Game2 */,
				842464162A1E69C000BBB15D /* foto Game2Tests */,
				842464202A1E69C000BBB15D /* foto Game2UITests */,
				842463FE2A1E69BF00BBB15D /* Products */,
			);
			sourceTree = "<group>";
		};
		842463FE2A1E69BF00BBB15D /* Products */ = {
			isa = PBXGroup;
			children = (
				842463FD2A1E69BF00BBB15D /* foto Game2.app */,
				842464132A1E69C000BBB15D /* foto Game2Tests.xctest */,
				8424641D2A1E69C000BBB15D /* foto Game2UITests.xctest */,
			);
			name = Products;
			sourceTree = "<group>";
		};
		842463FF2A1E69BF00BBB15D /* foto Game2 */ = {
			isa = PBXGroup;
			children = (
				842464002A1E69BF00BBB15D /* AppDelegate.swift */,
				842464022A1E69BF00BBB15D /* SceneDelegate.swift */,
				842464042A1E69BF00BBB15D /* ViewController.swift */,
				842464062A1E69BF00BBB15D /* Main.storyboard */,
				842464092A1E69C000BBB15D /* Assets.xcassets */,
				8424640B2A1E69C000BBB15D /* LaunchScreen.storyboard */,
				8424640E2A1E69C000BBB15D /* Info.plist */,
			);
			path = "foto Game2";
			sourceTree = "<group>";
		};
		842464162A1E69C000BBB15D /* foto Game2Tests */ = {
			isa = PBXGroup;
			children = (
				842464172A1E69C000BBB15D /* foto_Game2Tests.swift */,
			);
			path = "foto Game2Tests";
			sourceTree = "<group>";
		};
		842464202A1E69C000BBB15D /* foto Game2UITests */ = {
			isa = PBXGroup;
			children = (
				842464212A1E69C000BBB15D /* foto_Game2UITests.swift */,
				842464232A1E69C000BBB15D /* foto_Game2UITestsLaunchTests.swift */,
			);
			path = "foto Game2UITests";
			sourceTree = "<group>";
		};
/* End PBXGroup section */

/* Begin PBXNativeTarget section */
		842463FC2A1E69BF00BBB15D /* foto Game2 */ = {
			isa = PBXNativeTarget;
			buildConfigurationList = 842464272A1E69C000BBB15D /* Build configuration list for PBXNativeTarget "foto Game2" */;
			buildPhases = (
				842463F92A1E69BF00BBB15D /* Sources */,
				842463FA2A1E69BF00BBB15D /* Frameworks */,
				842463FB2A1E69BF00BBB15D /* Resources */,
			);
			buildRules = (
			);
			dependencies = (
			);
			name = "foto Game2";
			productName = "foto Game2";
			productReference = 842463FD2A1E69BF00BBB15D /* foto Game2.app */;
			productType = "com.apple.product-type.application";
		};
		842464122A1E69C000BBB15D /* foto Game2Tests */ = {
			isa = PBXNativeTarget;
			buildConfigurationList = 8424642A2A1E69C000BBB15D /* Build configuration list for PBXNativeTarget "foto Game2Tests" */;
			buildPhases = (
				8424640F2A1E69C000BBB15D /* Sources */,
				842464102A1E69C000BBB15D /* Frameworks */,
				842464112A1E69C000BBB15D /* Resources */,
			);
			buildRules = (
			);
			dependencies = (
				842464152A1E69C000BBB15D /* PBXTargetDependency */,
			);
			name = "foto Game2Tests";
			productName = "foto Game2Tests";
			productReference = 842464132A1E69C000BBB15D /* foto Game2Tests.xctest */;
			productType = "com.apple.product-type.bundle.unit-test";
		};
		8424641C2A1E69C000BBB15D /* foto Game2UITests */ = {
			isa = PBXNativeTarget;
			buildConfigurationList = 8424642D2A1E69C000BBB15D /* Build configuration list for PBXNativeTarget "foto Game2UITests" */;
			buildPhases = (
				842464192A1E69C000BBB15D /* Sources */,
				8424641A2A1E69C000BBB15D /* Frameworks */,
				8424641B2A1E69C000BBB15D /* Resources */,
			);
			buildRules = (
			);
			dependencies = (
				8424641F2A1E69C000BBB15D /* PBXTargetDependency */,
			);
			name = "foto Game2UITests";
			productName = "foto Game2UITests";
			productReference = 8424641D2A1E69C000BBB15D /* foto Game2UITests.xctest */;
			productType = "com.apple.product-type.bundle.ui-testing";
		};
/* End PBXNativeTarget section */

/* Begin PBXProject section */
		842463F52A1E69BF00BBB15D /* Project object */ = {
			isa = PBXProject;
			attributes = {
				BuildIndependentTargetsInParallel = 1;
				LastSwiftUpdateCheck = 1420;
				LastUpgradeCheck = 1420;
				TargetAttributes = {
					842463FC2A1E69BF00BBB15D = {
						CreatedOnToolsVersion = 14.2;
					};
					842464122A1E69C000BBB15D = {
						CreatedOnToolsVersion = 14.2;
						TestTargetID = 842463FC2A1E69BF00BBB15D;
					};
					8424641C2A1E69C000BBB15D = {
						CreatedOnToolsVersion = 14.2;
						TestTargetID = 842463FC2A1E69BF00BBB15D;
					};
				};
			};
			buildConfigurationList = 842463F82A1E69BF00BBB15D /* Build configuration list for PBXProject "foto Game2" */;
			compatibilityVersion = "Xcode 14.0";
			developmentRegion = en;
			hasScannedForEncodings = 0;
			knownRegions = (
				en,
				Base,
			);
			mainGroup = 842463F42A1E69BF00BBB15D;
			productRefGroup = 842463FE2A1E69BF00BBB15D /* Products */;
			projectDirPath = "";
			projectRoot = "";
			targets = (
				842463FC2A1E69BF00BBB15D /* foto Game2 */,
				842464122A1E69C000BBB15D /* foto Game2Tests */,
				8424641C2A1E69C000BBB15D /* foto Game2UITests */,
			);
		};
/* End PBXProject section */

/* Begin PBXResourcesBuildPhase section */
		842463FB2A1E69BF00BBB15D /* Resources */ = {
			isa = PBXResourcesBuildPhase;
			buildActionMask = 2147483647;
			files = (
				8424640D2A1E69C000BBB15D /* LaunchScreen.storyboard in Resources */,
				8424640A2A1E69C000BBB15D /* Assets.xcassets in Resources */,
				842464082A1E69BF00BBB15D /* Main.storyboard in Resources */,
			);
			runOnlyForDeploymentPostprocessing = 0;
		};
		842464112A1E69C000BBB15D /* Resources */ = {
			isa = PBXResourcesBuildPhase;
			buildActionMask = 2147483647;
			files = (
			);
			runOnlyForDeploymentPostprocessing = 0;
		};
		8424641B2A1E69C000BBB15D /* Resources */ = {
			isa = PBXResourcesBuildPhase;
			buildActionMask = 2147483647;
			files = (
			);
			runOnlyForDeploymentPostprocessing = 0;
		};
/* End PBXResourcesBuildPhase section */

/* Begin PBXSourcesBuildPhase section */
		842463F92A1E69BF00BBB15D /* Sources */ = {
			isa = PBXSourcesBuildPhase;
			buildActionMask = 2147483647;
			files = (
				842464052A1E69BF00BBB15D /* ViewController.swift in Sources */,
				842464012A1E69BF00BBB15D /* AppDelegate.swift in Sources */,
				842464032A1E69BF00BBB15D /* SceneDelegate.swift in Sources */,
			);
			runOnlyForDeploymentPostprocessing = 0;
		};
		8424640F2A1E69C000BBB15D /* Sources */ = {
			isa = PBXSourcesBuildPhase;
			buildActionMask = 2147483647;
			files = (
				842464182A1E69C000BBB15D /* foto_Game2Tests.swift in Sources */,
			);
			runOnlyForDeploymentPostprocessing = 0;
		};
		842464192A1E69C000BBB15D /* Sources */ = {
			isa = PBXSourcesBuildPhase;
			buildActionMask = 2147483647;
			files = (
				842464222A1E69C000BBB15D /* foto_Game2UITests.swift in Sources */,
				842464242A1E69C000BBB15D /* foto_Game2UITestsLaunchTests.swift in Sources */,
			);
			runOnlyForDeploymentPostprocessing = 0;
		};
/* End PBXSourcesBuildPhase section */

/* Begin PBXTargetDependency section */
		842464152A1E69C000BBB15D /* PBXTargetDependency */ = {
			isa = PBXTargetDependency;
			target = 842463FC2A1E69BF00BBB15D /* foto Game2 */;
			targetProxy = 842464142A1E69C000BBB15D /* PBXContainerItemProxy */;
		};
		8424641F2A1E69C000BBB15D /* PBXTargetDependency */ = {
			isa = PBXTargetDependency;
			target = 842463FC2A1E69BF00BBB15D /* foto Game2 */;
			targetProxy = 8424641E2A1E69C000BBB15D /* PBXContainerItemProxy */;
		};
/* End PBXTargetDependency section */

/* Begin PBXVariantGroup section */
		842464062A1E69BF00BBB15D /* Main.storyboard */ = {
			isa = PBXVariantGroup;
			children = (
				842464072A1E69BF00BBB15D /* Base */,
			);
			name = Main.storyboard;
			sourceTree = "<group>";
		};
		8424640B2A1E69C000BBB15D /* LaunchScreen.storyboard */ = {
			isa = PBXVariantGroup;
			children = (
				8424640C2A1E69C000BBB15D /* Base */,
			);
			name = LaunchScreen.storyboard;
			sourceTree = "<group>";
		};
/* End PBXVariantGroup section */

/* Begin XCBuildConfiguration section */
		842464252A1E69C000BBB15D /* Debug */ = {
			isa = XCBuildConfiguration;
			buildSettings = {
				ALWAYS_SEARCH_USER_PATHS = NO;
				CLANG_ANALYZER_NONNULL = YES;
				CLANG_ANALYZER_NUMBER_OBJECT_CONVERSION = YES_AGGRESSIVE;
				CLANG_CXX_LANGUAGE_STANDARD = "gnu++20";
				CLANG_ENABLE_MODULES = YES;
				CLANG_ENABLE_OBJC_ARC = YES;
				CLANG_ENABLE_OBJC_WEAK = YES;
				CLANG_WARN_BLOCK_CAPTURE_AUTORELEASING = YES;
				CLANG_WARN_BOOL_CONVERSION = YES;
				CLANG_WARN_COMMA = YES;
				CLANG_WARN_CONSTANT_CONVERSION = YES;
				CLANG_WARN_DEPRECATED_OBJC_IMPLEMENTATIONS = YES;
				CLANG_WARN_DIRECT_OBJC_ISA_USAGE = YES_ERROR;
				CLANG_WARN_DOCUMENTATION_COMMENTS = YES;
				CLANG_WARN_EMPTY_BODY = YES;
				CLANG_WARN_ENUM_CONVERSION = YES;
				CLANG_WARN_INFINITE_RECURSION = YES;
				CLANG_WARN_INT_CONVERSION = YES;
				CLANG_WARN_NON_LITERAL_NULL_CONVERSION = YES;
				CLANG_WARN_OBJC_IMPLICIT_RETAIN_SELF = YES;
				CLANG_WARN_OBJC_LITERAL_CONVERSION = YES;
				CLANG_WARN_OBJC_ROOT_CLASS = YES_ERROR;
				CLANG_WARN_QUOTED_INCLUDE_IN_FRAMEWORK_HEADER = YES;
				CLANG_WARN_RANGE_LOOP_ANALYSIS = YES;
				CLANG_WARN_STRICT_PROTOTYPES = YES;
				CLANG_WARN_SUSPICIOUS_MOVE = YES;
				CLANG_WARN_UNGUARDED_AVAILABILITY = YES_AGGRESSIVE;
				CLANG_WARN_UNREACHABLE_CODE = YES;
				CLANG_WARN__DUPLICATE_METHOD_MATCH = YES;
				COPY_PHASE_STRIP = NO;
				DEBUG_INFORMATION_FORMAT = dwarf;
				ENABLE_STRICT_OBJC_MSGSEND = YES;
				ENABLE_TESTABILITY = YES;
				GCC_C_LANGUAGE_STANDARD = gnu11;
				GCC_DYNAMIC_NO_PIC = NO;
				GCC_NO_COMMON_BLOCKS = YES;
				GCC_OPTIMIZATION_LEVEL = 0;
				GCC_PREPROCESSOR_DEFINITIONS = (
					"DEBUG=1",
					"$(inherited)",
				);
				GCC_WARN_64_TO_32_BIT_CONVERSION = YES;
				GCC_WARN_ABOUT_RETURN_TYPE = YES_ERROR;
				GCC_WARN_UNDECLARED_SELECTOR = YES;
				GCC_WARN_UNINITIALIZED_AUTOS = YES_AGGRESSIVE;
				GCC_WARN_UNUSED_FUNCTION = YES;
				GCC_WARN_UNUSED_VARIABLE = YES;
				IPHONEOS_DEPLOYMENT_TARGET = 16.2;
				MTL_ENABLE_DEBUG_INFO = INCLUDE_SOURCE;
				MTL_FAST_MATH = YES;
				ONLY_ACTIVE_ARCH = YES;
				SDKROOT = iphoneos;
				SWIFT_ACTIVE_COMPILATION_CONDITIONS = DEBUG;
				SWIFT_OPTIMIZATION_LEVEL = "-Onone";
			};
			name = Debug;
		};
		842464262A1E69C000BBB15D /* Release */ = {
			isa = XCBuildConfiguration;
			buildSettings = {
				ALWAYS_SEARCH_USER_PATHS = NO;
				CLANG_ANALYZER_NONNULL = YES;
				CLANG_ANALYZER_NUMBER_OBJECT_CONVERSION = YES_AGGRESSIVE;
				CLANG_CXX_LANGUAGE_STANDARD = "gnu++20";
				CLANG_ENABLE_MODULES = YES;
				CLANG_ENABLE_OBJC_ARC = YES;
				CLANG_ENABLE_OBJC_WEAK = YES;
				CLANG_WARN_BLOCK_CAPTURE_AUTORELEASING = YES;
				CLANG_WARN_BOOL_CONVERSION = YES;
				CLANG_WARN_COMMA = YES;
				CLANG_WARN_CONSTANT_CONVERSION = YES;
				CLANG_WARN_DEPRECATED_OBJC_IMPLEMENTATIONS = YES;
				CLANG_WARN_DIRECT_OBJC_ISA_USAGE = YES_ERROR;
				CLANG_WARN_DOCUMENTATION_COMMENTS = YES;
				CLANG_WARN_EMPTY_BODY = YES;
				CLANG_WARN_ENUM_CONVERSION = YES;
				CLANG_WARN_INFINITE_RECURSION = YES;
				CLANG_WARN_INT_CONVERSION = YES;
				CLANG_WARN_NON_LITERAL_NULL_CONVERSION = YES;
				CLANG_WARN_OBJC_IMPLICIT_RETAIN_SELF = YES;
				CLANG_WARN_OBJC_LITERAL_CONVERSION = YES;
				CLANG_WARN_OBJC_ROOT_CLASS = YES_ERROR;
				CLANG_WARN_QUOTED_INCLUDE_IN_FRAMEWORK_HEADER = YES;
				CLANG_WARN_RANGE_LOOP_ANALYSIS = YES;
				CLANG_WARN_STRICT_PROTOTYPES = YES;
				CLANG_WARN_SUSPICIOUS_MOVE = YES;
				CLANG_WARN_UNGUARDED_AVAILABILITY = YES_AGGRESSIVE;
				CLANG_WARN_UNREACHABLE_CODE = YES;
				CLANG_WARN__DUPLICATE_METHOD_MATCH = YES;
				COPY_PHASE_STRIP = NO;
				DEBUG_INFORMATION_FORMAT = "dwarf-with-dsym";
				ENABLE_NS_ASSERTIONS = NO;
				ENABLE_STRICT_OBJC_MSGSEND = YES;
				GCC_C_LANGUAGE_STANDARD = gnu11;
				GCC_NO_COMMON_BLOCKS = YES;
				GCC_WARN_64_TO_32_BIT_CONVERSION = YES;
				GCC_WARN_ABOUT_RETURN_TYPE = YES_ERROR;
				GCC_WARN_UNDECLARED_SELECTOR = YES;
				GCC_WARN_UNINITIALIZED_AUTOS = YES_AGGRESSIVE;
				GCC_WARN_UNUSED_FUNCTION = YES;
				GCC_WARN_UNUSED_VARIABLE = YES;
				IPHONEOS_DEPLOYMENT_TARGET = 16.2;
				MTL_ENABLE_DEBUG_INFO = NO;
				MTL_FAST_MATH = YES;
				SDKROOT = iphoneos;
				SWIFT_COMPILATION_MODE = wholemodule;
				SWIFT_OPTIMIZATION_LEVEL = "-O";
				VALIDATE_PRODUCT = YES;
			};
			name = Release;
		};
		842464282A1E69C000BBB15D /* Debug */ = {
			isa = XCBuildConfiguration;
			buildSettings = {
				ASSETCATALOG_COMPILER_APPICON_NAME = AppIcon;
				ASSETCATALOG_COMPILER_GLOBAL_ACCENT_COLOR_NAME = AccentColor;
				CODE_SIGN_STYLE = Automatic;
				CURRENT_PROJECT_VERSION = 1;
				GENERATE_INFOPLIST_FILE = YES;
				INFOPLIST_FILE = "foto Game2/Info.plist";
				INFOPLIST_KEY_UIApplicationSupportsIndirectInputEvents = YES;
				INFOPLIST_KEY_UILaunchStoryboardName = LaunchScreen;
				INFOPLIST_KEY_UIMainStoryboardFile = Main;
				INFOPLIST_KEY_UISupportedInterfaceOrientations_iPad = "UIInterfaceOrientationPortrait UIInterfaceOrientationPortraitUpsideDown UIInterfaceOrientationLandscapeLeft UIInterfaceOrientationLandscapeRight";
				INFOPLIST_KEY_UISupportedInterfaceOrientations_iPhone = "UIInterfaceOrientationPortrait UIInterfaceOrientationLandscapeLeft UIInterfaceOrientationLandscapeRight";
				LD_RUNPATH_SEARCH_PATHS = (
					"$(inherited)",
					"@executable_path/Frameworks",
				);
				MARKETING_VERSION = 1.0;
				PRODUCT_BUNDLE_IDENTIFIER = "kz.ruslanmobydev.foto-Game2";
				PRODUCT_NAME = "$(TARGET_NAME)";
				SWIFT_EMIT_LOC_STRINGS = YES;
				SWIFT_VERSION = 5.0;
				TARGETED_DEVICE_FAMILY = "1,2";
			};
			name = Debug;
		};
		842464292A1E69C000BBB15D /* Release */ = {
			isa = XCBuildConfiguration;
			buildSettings = {
				ASSETCATALOG_COMPILER_APPICON_NAME = AppIcon;
				ASSETCATALOG_COMPILER_GLOBAL_ACCENT_COLOR_NAME = AccentColor;
				CODE_SIGN_STYLE = Automatic;
				CURRENT_PROJECT_VERSION = 1;
				GENERATE_INFOPLIST_FILE = YES;
				INFOPLIST_FILE = "foto Game2/Info.plist";
				INFOPLIST_KEY_UIApplicationSupportsIndirectInputEvents = YES;
				INFOPLIST_KEY_UILaunchStoryboardName = LaunchScreen;
				INFOPLIST_KEY_UIMainStoryboardFile = Main;
				INFOPLIST_KEY_UISupportedInterfaceOrientations_iPad = "UIInterfaceOrientationPortrait UIInterfaceOrientationPortraitUpsideDown UIInterfaceOrientationLandscapeLeft UIInterfaceOrientationLandscapeRight";
				INFOPLIST_KEY_UISupportedInterfaceOrientations_iPhone = "UIInterfaceOrientationPortrait UIInterfaceOrientationLandscapeLeft UIInterfaceOrientationLandscapeRight";
				LD_RUNPATH_SEARCH_PATHS = (
					"$(inherited)",
					"@executable_path/Frameworks",
				);
				MARKETING_VERSION = 1.0;
				PRODUCT_BUNDLE_IDENTIFIER = "kz.ruslanmobydev.foto-Game2";
				PRODUCT_NAME = "$(TARGET_NAME)";
				SWIFT_EMIT_LOC_STRINGS = YES;
				SWIFT_VERSION = 5.0;
				TARGETED_DEVICE_FAMILY = "1,2";
			};
			name = Release;
		};
		8424642B2A1E69C000BBB15D /* Debug */ = {
			isa = XCBuildConfiguration;
			buildSettings = {
				ALWAYS_EMBED_SWIFT_STANDARD_LIBRARIES = YES;
				BUNDLE_LOADER = "$(TEST_HOST)";
				CODE_SIGN_STYLE = Automatic;
				CURRENT_PROJECT_VERSION = 1;
				GENERATE_INFOPLIST_FILE = YES;
				IPHONEOS_DEPLOYMENT_TARGET = 16.2;
				MARKETING_VERSION = 1.0;
				PRODUCT_BUNDLE_IDENTIFIER = "kz.ruslanmobydev.foto-Game2Tests";
				PRODUCT_NAME = "$(TARGET_NAME)";
				SWIFT_EMIT_LOC_STRINGS = NO;
				SWIFT_VERSION = 5.0;
				TARGETED_DEVICE_FAMILY = "1,2";
				TEST_HOST = "$(BUILT_PRODUCTS_DIR)/foto Game2.app/$(BUNDLE_EXECUTABLE_FOLDER_PATH)/foto Game2";
			};
			name = Debug;
		};
		8424642C2A1E69C000BBB15D /* Release */ = {
			isa = XCBuildConfiguration;
			buildSettings = {
				ALWAYS_EMBED_SWIFT_STANDARD_LIBRARIES = YES;
				BUNDLE_LOADER = "$(TEST_HOST)";
				CODE_SIGN_STYLE = Automatic;
				CURRENT_PROJECT_VERSION = 1;
				GENERATE_INFOPLIST_FILE = YES;
				IPHONEOS_DEPLOYMENT_TARGET = 16.2;
				MARKETING_VERSION = 1.0;
				PRODUCT_BUNDLE_IDENTIFIER = "kz.ruslanmobydev.foto-Game2Tests";
				PRODUCT_NAME = "$(TARGET_NAME)";
				SWIFT_EMIT_LOC_STRINGS = NO;
				SWIFT_VERSION = 5.0;
				TARGETED_DEVICE_FAMILY = "1,2";
				TEST_HOST = "$(BUILT_PRODUCTS_DIR)/foto Game2.app/$(BUNDLE_EXECUTABLE_FOLDER_PATH)/foto Game2";
			};
			name = Release;
		};
		8424642E2A1E69C000BBB15D /* Debug */ = {
			isa = XCBuildConfiguration;
			buildSettings = {
				ALWAYS_EMBED_SWIFT_STANDARD_LIBRARIES = YES;
				CODE_SIGN_STYLE = Automatic;
				CURRENT_PROJECT_VERSION = 1;
				GENERATE_INFOPLIST_FILE = YES;
				MARKETING_VERSION = 1.0;
				PRODUCT_BUNDLE_IDENTIFIER = "kz.ruslanmobydev.foto-Game2UITests";
				PRODUCT_NAME = "$(TARGET_NAME)";
				SWIFT_EMIT_LOC_STRINGS = NO;
				SWIFT_VERSION = 5.0;
				TARGETED_DEVICE_FAMILY = "1,2";
				TEST_TARGET_NAME = "foto Game2";
			};
			name = Debug;
		};
		8424642F2A1E69C000BBB15D /* Release */ = {
			isa = XCBuildConfiguration;
			buildSettings = {
				ALWAYS_EMBED_SWIFT_STANDARD_LIBRARIES = YES;
				CODE_SIGN_STYLE = Automatic;
				CURRENT_PROJECT_VERSION = 1;
				GENERATE_INFOPLIST_FILE = YES;
				MARKETING_VERSION = 1.0;
				PRODUCT_BUNDLE_IDENTIFIER = "kz.ruslanmobydev.foto-Game2UITests";
				PRODUCT_NAME = "$(TARGET_NAME)";
				SWIFT_EMIT_LOC_STRINGS = NO;
				SWIFT_VERSION = 5.0;
				TARGETED_DEVICE_FAMILY = "1,2";
				TEST_TARGET_NAME = "foto Game2";
			};
			name = Release;
		};
/* End XCBuildConfiguration section */

/* Begin XCConfigurationList section */
		842463F82A1E69BF00BBB15D /* Build configuration list for PBXProject "foto Game2" */ = {
			isa = XCConfigurationList;
			buildConfigurations = (
				842464252A1E69C000BBB15D /* Debug */,
				842464262A1E69C000BBB15D /* Release */,
			);
			defaultConfigurationIsVisible = 0;
			defaultConfigurationName = Release;
		};
		842464272A1E69C000BBB15D /* Build configuration list for PBXNativeTarget "foto Game2" */ = {
			isa = XCConfigurationList;
			buildConfigurations = (
				842464282A1E69C000BBB15D /* Debug */,
				842464292A1E69C000BBB15D /* Release */,
			);
			defaultConfigurationIsVisible = 0;
			defaultConfigurationName = Release;
		};
		8424642A2A1E69C000BBB15D /* Build configuration list for PBXNativeTarget "foto Game2Tests" */ = {
			isa = XCConfigurationList;
			buildConfigurations = (
				8424642B2A1E69C000BBB15D /* Debug */,
				8424642C2A1E69C000BBB15D /* Release */,
			);
			defaultConfigurationIsVisible = 0;
			defaultConfigurationName = Release;
		};
		8424642D2A1E69C000BBB15D /* Build configuration list for PBXNativeTarget "foto Game2UITests" */ = {
			isa = XCConfigurationList;
			buildConfigurations = (
				8424642E2A1E69C000BBB15D /* Debug */,
				8424642F2A1E69C000BBB15D /* Release */,
			);
			defaultConfigurationIsVisible = 0;
			defaultConfigurationName = Release;
		};
/* End XCConfigurationList section */
	};
	rootObject = 842463F52A1E69BF00BBB15D /* Project object */;
}
